// !$*UTF8*$!
{
	archiveVersion = 1;
	classes = {
	};
	objectVersion = 46;
	objects = {

/* Begin PBXBuildFile section */
		871F33FE1AA11AEA00D5B4A5 /* main.m in Sources */ = {isa = PBXBuildFile; fileRef = 871F33FD1AA11AEA00D5B4A5 /* main.m */; };
		871F34011AA11AEA00D5B4A5 /* AppDelegate.m in Sources */ = {isa = PBXBuildFile; fileRef = 871F34001AA11AEA00D5B4A5 /* AppDelegate.m */; };
		871F34071AA11AEA00D5B4A5 /* Main.storyboard in Resources */ = {isa = PBXBuildFile; fileRef = 871F34051AA11AEA00D5B4A5 /* Main.storyboard */; };
		871F34091AA11AEB00D5B4A5 /* Images.xcassets in Resources */ = {isa = PBXBuildFile; fileRef = 871F34081AA11AEB00D5B4A5 /* Images.xcassets */; };
		871F340C1AA11AEB00D5B4A5 /* LaunchScreen.xib in Resources */ = {isa = PBXBuildFile; fileRef = 871F340A1AA11AEB00D5B4A5 /* LaunchScreen.xib */; };
		871F34181AA11AEB00D5B4A5 /* ClosetTests.m in Sources */ = {isa = PBXBuildFile; fileRef = 871F34171AA11AEB00D5B4A5 /* ClosetTests.m */; };
		871F34231AA11B2600D5B4A5 /* BrandTableViewController.m in Sources */ = {isa = PBXBuildFile; fileRef = 871F34221AA11B2600D5B4A5 /* BrandTableViewController.m */; };
		871F34261AA11BD900D5B4A5 /* Item.m in Sources */ = {isa = PBXBuildFile; fileRef = 871F34251AA11BD900D5B4A5 /* Item.m */; };
		871F342A1AA11CDC00D5B4A5 /* BrandTableViewCell.m in Sources */ = {isa = PBXBuildFile; fileRef = 871F34281AA11CDC00D5B4A5 /* BrandTableViewCell.m */; };
		871F342B1AA11CDC00D5B4A5 /* BrandTableViewCell.xib in Resources */ = {isa = PBXBuildFile; fileRef = 871F34291AA11CDC00D5B4A5 /* BrandTableViewCell.xib */; };
		871F342F1AA1285F00D5B4A5 /* MacysAPIClient.m in Sources */ = {isa = PBXBuildFile; fileRef = 871F342E1AA1285F00D5B4A5 /* MacysAPIClient.m */; };
		871F34321AA128D300D5B4A5 /* Reachability.m in Sources */ = {isa = PBXBuildFile; fileRef = 871F34311AA128D300D5B4A5 /* Reachability.m */; };
		871F34361AA141D400D5B4A5 /* Brand.m in Sources */ = {isa = PBXBuildFile; fileRef = 871F34351AA141D400D5B4A5 /* Brand.m */; };
		871F34391AA145AC00D5B4A5 /* User.m in Sources */ = {isa = PBXBuildFile; fileRef = 871F34381AA145AC00D5B4A5 /* User.m */; };
		871F34431AA147DD00D5B4A5 /* TypeOfItemViewController.m in Sources */ = {isa = PBXBuildFile; fileRef = 871F34421AA147DD00D5B4A5 /* TypeOfItemViewController.m */; };
		871F344A1AA1530200D5B4A5 /* TOIDetailCollectionViewCell.m in Sources */ = {isa = PBXBuildFile; fileRef = 871F34491AA1530200D5B4A5 /* TOIDetailCollectionViewCell.m */; };
		871F344E1AA1671F00D5B4A5 /* Crashlytics.framework in Frameworks */ = {isa = PBXBuildFile; fileRef = 871F344C1AA1671F00D5B4A5 /* Crashlytics.framework */; };
		871F344F1AA1671F00D5B4A5 /* Fabric.framework in Frameworks */ = {isa = PBXBuildFile; fileRef = 871F344D1AA1671F00D5B4A5 /* Fabric.framework */; };
		871F34521AA1677300D5B4A5 /* TwitterKit.framework in Frameworks */ = {isa = PBXBuildFile; fileRef = 871F34501AA1677300D5B4A5 /* TwitterKit.framework */; };
		871F34531AA1677300D5B4A5 /* TwitterKitResources.bundle in Resources */ = {isa = PBXBuildFile; fileRef = 871F34511AA1677300D5B4A5 /* TwitterKitResources.bundle */; };
		871F34561AA167FB00D5B4A5 /* LoginViewController.m in Sources */ = {isa = PBXBuildFile; fileRef = 871F34551AA167FB00D5B4A5 /* LoginViewController.m */; };
		871F345A1AA16BB800D5B4A5 /* MainRecomendationsTableViewController.m in Sources */ = {isa = PBXBuildFile; fileRef = 871F34591AA16BB800D5B4A5 /* MainRecomendationsTableViewController.m */; };
		871F345F1AA16BF200D5B4A5 /* RecomendationsTableViewCell.xib in Resources */ = {isa = PBXBuildFile; fileRef = 871F345D1AA16BF200D5B4A5 /* RecomendationsTableViewCell.xib */; };
		871F34621AA16C0C00D5B4A5 /* Recomendation.m in Sources */ = {isa = PBXBuildFile; fileRef = 871F34611AA16C0C00D5B4A5 /* Recomendation.m */; };
		87A9FED81AA1AB4C0060E1DA /* ItemResultsCollectionViewController.m in Sources */ = {isa = PBXBuildFile; fileRef = 87A9FED71AA1AB4C0060E1DA /* ItemResultsCollectionViewController.m */; };
		87A9FEDB1AA2726B0060E1DA /* RecomendationsTableViewCell.m in Sources */ = {isa = PBXBuildFile; fileRef = 87A9FEDA1AA2726B0060E1DA /* RecomendationsTableViewCell.m */; };
		87A9FEDE1AA2783F0060E1DA /* MyClosetManager.m in Sources */ = {isa = PBXBuildFile; fileRef = 87A9FEDD1AA2783F0060E1DA /* MyClosetManager.m */; };
		87A9FEE11AA27E280060E1DA /* MyClosetViewController.m in Sources */ = {isa = PBXBuildFile; fileRef = 87A9FEE01AA27E280060E1DA /* MyClosetViewController.m */; };
		87A9FEFE1AA28D140060E1DA /* MyClosetTableViewCell.m in Sources */ = {isa = PBXBuildFile; fileRef = 87A9FEFC1AA28D140060E1DA /* MyClosetTableViewCell.m */; };
		87A9FEFF1AA28D140060E1DA /* MyClosetTableViewCell.xib in Resources */ = {isa = PBXBuildFile; fileRef = 87A9FEFD1AA28D140060E1DA /* MyClosetTableViewCell.xib */; };
		87A9FF021AA2995C0060E1DA /* PossibleItemsViewController.m in Sources */ = {isa = PBXBuildFile; fileRef = 87A9FF011AA2995C0060E1DA /* PossibleItemsViewController.m */; };
		87A9FF051AA2FFE40060E1DA /* RecomendationDetailViewController.m in Sources */ = {isa = PBXBuildFile; fileRef = 87A9FF041AA2FFE40060E1DA /* RecomendationDetailViewController.m */; };
		87A9FF0F1AA303A60060E1DA /* .gitkeep in Resources */ = {isa = PBXBuildFile; fileRef = 87A9FF071AA303A60060E1DA /* .gitkeep */; };
		87A9FF101AA303A60060E1DA /* ASOBounceButtonView.m in Sources */ = {isa = PBXBuildFile; fileRef = 87A9FF0A1AA303A60060E1DA /* ASOBounceButtonView.m */; };
		87A9FF111AA303A60060E1DA /* ASOTwoStateButton.m in Sources */ = {isa = PBXBuildFile; fileRef = 87A9FF0E1AA303A60060E1DA /* ASOTwoStateButton.m */; };
		87A9FF141AA305180060E1DA /* BounceButtonView.m in Sources */ = {isa = PBXBuildFile; fileRef = 87A9FF131AA305180060E1DA /* BounceButtonView.m */; };
		87E4A7821AA3315C00305DDB /* TypeOfItem.m in Sources */ = {isa = PBXBuildFile; fileRef = 87E4A7811AA3315C00305DDB /* TypeOfItem.m */; };
/* End PBXBuildFile section */

/* Begin PBXContainerItemProxy section */
		871F34121AA11AEB00D5B4A5 /* PBXContainerItemProxy */ = {
			isa = PBXContainerItemProxy;
			containerPortal = 871F33F01AA11AEA00D5B4A5 /* Project object */;
			proxyType = 1;
			remoteGlobalIDString = 871F33F71AA11AEA00D5B4A5;
			remoteInfo = Closet;
		};
/* End PBXContainerItemProxy section */

/* Begin PBXFileReference section */
		871F33F81AA11AEA00D5B4A5 /* Closet.app */ = {isa = PBXFileReference; explicitFileType = wrapper.application; includeInIndex = 0; path = Closet.app; sourceTree = BUILT_PRODUCTS_DIR; };
		871F33FC1AA11AEA00D5B4A5 /* Info.plist */ = {isa = PBXFileReference; lastKnownFileType = text.plist.xml; path = Info.plist; sourceTree = "<group>"; };
		871F33FD1AA11AEA00D5B4A5 /* main.m */ = {isa = PBXFileReference; lastKnownFileType = sourcecode.c.objc; path = main.m; sourceTree = "<group>"; };
		871F33FF1AA11AEA00D5B4A5 /* AppDelegate.h */ = {isa = PBXFileReference; lastKnownFileType = sourcecode.c.h; path = AppDelegate.h; sourceTree = "<group>"; };
		871F34001AA11AEA00D5B4A5 /* AppDelegate.m */ = {isa = PBXFileReference; lastKnownFileType = sourcecode.c.objc; path = AppDelegate.m; sourceTree = "<group>"; };
		871F34061AA11AEA00D5B4A5 /* Base */ = {isa = PBXFileReference; lastKnownFileType = file.storyboard; name = Base; path = Base.lproj/Main.storyboard; sourceTree = "<group>"; };
		871F34081AA11AEB00D5B4A5 /* Images.xcassets */ = {isa = PBXFileReference; lastKnownFileType = folder.assetcatalog; path = Images.xcassets; sourceTree = "<group>"; };
		871F340B1AA11AEB00D5B4A5 /* Base */ = {isa = PBXFileReference; lastKnownFileType = file.xib; name = Base; path = Base.lproj/LaunchScreen.xib; sourceTree = "<group>"; };
		871F34111AA11AEB00D5B4A5 /* ClosetTests.xctest */ = {isa = PBXFileReference; explicitFileType = wrapper.cfbundle; includeInIndex = 0; path = ClosetTests.xctest; sourceTree = BUILT_PRODUCTS_DIR; };
		871F34161AA11AEB00D5B4A5 /* Info.plist */ = {isa = PBXFileReference; lastKnownFileType = text.plist.xml; path = Info.plist; sourceTree = "<group>"; };
		871F34171AA11AEB00D5B4A5 /* ClosetTests.m */ = {isa = PBXFileReference; lastKnownFileType = sourcecode.c.objc; path = ClosetTests.m; sourceTree = "<group>"; };
		871F34211AA11B2600D5B4A5 /* BrandTableViewController.h */ = {isa = PBXFileReference; fileEncoding = 4; lastKnownFileType = sourcecode.c.h; name = BrandTableViewController.h; path = ../BrandTableViewController.h; sourceTree = "<group>"; };
		871F34221AA11B2600D5B4A5 /* BrandTableViewController.m */ = {isa = PBXFileReference; fileEncoding = 4; lastKnownFileType = sourcecode.c.objc; name = BrandTableViewController.m; path = ../BrandTableViewController.m; sourceTree = "<group>"; };
		871F34241AA11BD900D5B4A5 /* Item.h */ = {isa = PBXFileReference; fileEncoding = 4; lastKnownFileType = sourcecode.c.h; path = Item.h; sourceTree = "<group>"; };
		871F34251AA11BD900D5B4A5 /* Item.m */ = {isa = PBXFileReference; fileEncoding = 4; lastKnownFileType = sourcecode.c.objc; path = Item.m; sourceTree = "<group>"; };
		871F34271AA11CDC00D5B4A5 /* BrandTableViewCell.h */ = {isa = PBXFileReference; fileEncoding = 4; lastKnownFileType = sourcecode.c.h; path = BrandTableViewCell.h; sourceTree = "<group>"; };
		871F34281AA11CDC00D5B4A5 /* BrandTableViewCell.m */ = {isa = PBXFileReference; fileEncoding = 4; lastKnownFileType = sourcecode.c.objc; path = BrandTableViewCell.m; sourceTree = "<group>"; };
		871F34291AA11CDC00D5B4A5 /* BrandTableViewCell.xib */ = {isa = PBXFileReference; fileEncoding = 4; lastKnownFileType = file.xib; path = BrandTableViewCell.xib; sourceTree = "<group>"; };
		871F342D1AA1285F00D5B4A5 /* MacysAPIClient.h */ = {isa = PBXFileReference; fileEncoding = 4; lastKnownFileType = sourcecode.c.h; path = MacysAPIClient.h; sourceTree = "<group>"; };
		871F342E1AA1285F00D5B4A5 /* MacysAPIClient.m */ = {isa = PBXFileReference; fileEncoding = 4; lastKnownFileType = sourcecode.c.objc; path = MacysAPIClient.m; sourceTree = "<group>"; };
		871F34301AA128D300D5B4A5 /* Reachability.h */ = {isa = PBXFileReference; fileEncoding = 4; lastKnownFileType = sourcecode.c.h; path = Reachability.h; sourceTree = "<group>"; };
		871F34311AA128D300D5B4A5 /* Reachability.m */ = {isa = PBXFileReference; fileEncoding = 4; lastKnownFileType = sourcecode.c.objc; path = Reachability.m; sourceTree = "<group>"; };
		871F34341AA141D400D5B4A5 /* Brand.h */ = {isa = PBXFileReference; fileEncoding = 4; lastKnownFileType = sourcecode.c.h; path = Brand.h; sourceTree = "<group>"; };
		871F34351AA141D400D5B4A5 /* Brand.m */ = {isa = PBXFileReference; fileEncoding = 4; lastKnownFileType = sourcecode.c.objc; path = Brand.m; sourceTree = "<group>"; };
		871F34371AA145AC00D5B4A5 /* User.h */ = {isa = PBXFileReference; fileEncoding = 4; lastKnownFileType = sourcecode.c.h; path = User.h; sourceTree = "<group>"; };
		871F34381AA145AC00D5B4A5 /* User.m */ = {isa = PBXFileReference; fileEncoding = 4; lastKnownFileType = sourcecode.c.objc; path = User.m; sourceTree = "<group>"; };
		871F34411AA147DD00D5B4A5 /* TypeOfItemViewController.h */ = {isa = PBXFileReference; fileEncoding = 4; lastKnownFileType = sourcecode.c.h; name = TypeOfItemViewController.h; path = Closet/TypeOfItemViewController.h; sourceTree = "<group>"; };
		871F34421AA147DD00D5B4A5 /* TypeOfItemViewController.m */ = {isa = PBXFileReference; fileEncoding = 4; lastKnownFileType = sourcecode.c.objc; name = TypeOfItemViewController.m; path = Closet/TypeOfItemViewController.m; sourceTree = "<group>"; };
		871F34481AA1530200D5B4A5 /* TOIDetailCollectionViewCell.h */ = {isa = PBXFileReference; fileEncoding = 4; lastKnownFileType = sourcecode.c.h; path = TOIDetailCollectionViewCell.h; sourceTree = "<group>"; };
		871F34491AA1530200D5B4A5 /* TOIDetailCollectionViewCell.m */ = {isa = PBXFileReference; fileEncoding = 4; lastKnownFileType = sourcecode.c.objc; path = TOIDetailCollectionViewCell.m; sourceTree = "<group>"; };
		871F344C1AA1671F00D5B4A5 /* Crashlytics.framework */ = {isa = PBXFileReference; lastKnownFileType = wrapper.framework; path = Crashlytics.framework; sourceTree = "<group>"; };
		871F344D1AA1671F00D5B4A5 /* Fabric.framework */ = {isa = PBXFileReference; lastKnownFileType = wrapper.framework; path = Fabric.framework; sourceTree = "<group>"; };
		871F34501AA1677300D5B4A5 /* TwitterKit.framework */ = {isa = PBXFileReference; lastKnownFileType = wrapper.framework; path = TwitterKit.framework; sourceTree = "<group>"; };
		871F34511AA1677300D5B4A5 /* TwitterKitResources.bundle */ = {isa = PBXFileReference; lastKnownFileType = "wrapper.plug-in"; name = TwitterKitResources.bundle; path = TwitterKit.framework/Versions/A/Resources/TwitterKitResources.bundle; sourceTree = "<group>"; };
		871F34541AA167FB00D5B4A5 /* LoginViewController.h */ = {isa = PBXFileReference; fileEncoding = 4; lastKnownFileType = sourcecode.c.h; path = LoginViewController.h; sourceTree = "<group>"; };
		871F34551AA167FB00D5B4A5 /* LoginViewController.m */ = {isa = PBXFileReference; fileEncoding = 4; lastKnownFileType = sourcecode.c.objc; path = LoginViewController.m; sourceTree = "<group>"; };
		871F34581AA16BB800D5B4A5 /* MainRecomendationsTableViewController.h */ = {isa = PBXFileReference; fileEncoding = 4; lastKnownFileType = sourcecode.c.h; path = MainRecomendationsTableViewController.h; sourceTree = "<group>"; };
		871F34591AA16BB800D5B4A5 /* MainRecomendationsTableViewController.m */ = {isa = PBXFileReference; fileEncoding = 4; lastKnownFileType = sourcecode.c.objc; path = MainRecomendationsTableViewController.m; sourceTree = "<group>"; };
		871F345D1AA16BF200D5B4A5 /* RecomendationsTableViewCell.xib */ = {isa = PBXFileReference; fileEncoding = 4; lastKnownFileType = file.xib; path = RecomendationsTableViewCell.xib; sourceTree = "<group>"; };
		871F34601AA16C0C00D5B4A5 /* Recomendation.h */ = {isa = PBXFileReference; fileEncoding = 4; lastKnownFileType = sourcecode.c.h; path = Recomendation.h; sourceTree = "<group>"; };
		871F34611AA16C0C00D5B4A5 /* Recomendation.m */ = {isa = PBXFileReference; fileEncoding = 4; lastKnownFileType = sourcecode.c.objc; path = Recomendation.m; sourceTree = "<group>"; };
		87A9FED61AA1AB4C0060E1DA /* ItemResultsCollectionViewController.h */ = {isa = PBXFileReference; fileEncoding = 4; lastKnownFileType = sourcecode.c.h; path = ItemResultsCollectionViewController.h; sourceTree = "<group>"; };
		87A9FED71AA1AB4C0060E1DA /* ItemResultsCollectionViewController.m */ = {isa = PBXFileReference; fileEncoding = 4; lastKnownFileType = sourcecode.c.objc; path = ItemResultsCollectionViewController.m; sourceTree = "<group>"; };
		87A9FED91AA2726B0060E1DA /* RecomendationsTableViewCell.h */ = {isa = PBXFileReference; fileEncoding = 4; lastKnownFileType = sourcecode.c.h; path = RecomendationsTableViewCell.h; sourceTree = "<group>"; };
		87A9FEDA1AA2726B0060E1DA /* RecomendationsTableViewCell.m */ = {isa = PBXFileReference; fileEncoding = 4; lastKnownFileType = sourcecode.c.objc; path = RecomendationsTableViewCell.m; sourceTree = "<group>"; };
		87A9FEDC1AA2783F0060E1DA /* MyClosetManager.h */ = {isa = PBXFileReference; fileEncoding = 4; lastKnownFileType = sourcecode.c.h; path = MyClosetManager.h; sourceTree = "<group>"; };
		87A9FEDD1AA2783F0060E1DA /* MyClosetManager.m */ = {isa = PBXFileReference; fileEncoding = 4; lastKnownFileType = sourcecode.c.objc; path = MyClosetManager.m; sourceTree = "<group>"; };
		87A9FEDF1AA27E280060E1DA /* MyClosetViewController.h */ = {isa = PBXFileReference; fileEncoding = 4; lastKnownFileType = sourcecode.c.h; path = MyClosetViewController.h; sourceTree = "<group>"; };
		87A9FEE01AA27E280060E1DA /* MyClosetViewController.m */ = {isa = PBXFileReference; fileEncoding = 4; lastKnownFileType = sourcecode.c.objc; path = MyClosetViewController.m; sourceTree = "<group>"; };
		87A9FEFB1AA28D140060E1DA /* MyClosetTableViewCell.h */ = {isa = PBXFileReference; fileEncoding = 4; lastKnownFileType = sourcecode.c.h; path = MyClosetTableViewCell.h; sourceTree = "<group>"; };
		87A9FEFC1AA28D140060E1DA /* MyClosetTableViewCell.m */ = {isa = PBXFileReference; fileEncoding = 4; lastKnownFileType = sourcecode.c.objc; path = MyClosetTableViewCell.m; sourceTree = "<group>"; };
		87A9FEFD1AA28D140060E1DA /* MyClosetTableViewCell.xib */ = {isa = PBXFileReference; fileEncoding = 4; lastKnownFileType = file.xib; path = MyClosetTableViewCell.xib; sourceTree = "<group>"; };
		87A9FF001AA2995C0060E1DA /* PossibleItemsViewController.h */ = {isa = PBXFileReference; fileEncoding = 4; lastKnownFileType = sourcecode.c.h; path = PossibleItemsViewController.h; sourceTree = "<group>"; };
		87A9FF011AA2995C0060E1DA /* PossibleItemsViewController.m */ = {isa = PBXFileReference; fileEncoding = 4; lastKnownFileType = sourcecode.c.objc; path = PossibleItemsViewController.m; sourceTree = "<group>"; };
		87A9FF031AA2FFE40060E1DA /* RecomendationDetailViewController.h */ = {isa = PBXFileReference; fileEncoding = 4; lastKnownFileType = sourcecode.c.h; path = RecomendationDetailViewController.h; sourceTree = "<group>"; };
		87A9FF041AA2FFE40060E1DA /* RecomendationDetailViewController.m */ = {isa = PBXFileReference; fileEncoding = 4; lastKnownFileType = sourcecode.c.objc; path = RecomendationDetailViewController.m; sourceTree = "<group>"; };
		87A9FF071AA303A60060E1DA /* .gitkeep */ = {isa = PBXFileReference; fileEncoding = 4; lastKnownFileType = text; path = .gitkeep; sourceTree = "<group>"; };
		87A9FF091AA303A60060E1DA /* ASOBounceButtonView.h */ = {isa = PBXFileReference; fileEncoding = 4; lastKnownFileType = sourcecode.c.h; path = ASOBounceButtonView.h; sourceTree = "<group>"; };
		87A9FF0A1AA303A60060E1DA /* ASOBounceButtonView.m */ = {isa = PBXFileReference; fileEncoding = 4; lastKnownFileType = sourcecode.c.objc; path = ASOBounceButtonView.m; sourceTree = "<group>"; };
		87A9FF0B1AA303A60060E1DA /* ASOBounceButtonViewDelegate.h */ = {isa = PBXFileReference; fileEncoding = 4; lastKnownFileType = sourcecode.c.h; path = ASOBounceButtonViewDelegate.h; sourceTree = "<group>"; };
		87A9FF0D1AA303A60060E1DA /* ASOTwoStateButton.h */ = {isa = PBXFileReference; fileEncoding = 4; lastKnownFileType = sourcecode.c.h; path = ASOTwoStateButton.h; sourceTree = "<group>"; };
		87A9FF0E1AA303A60060E1DA /* ASOTwoStateButton.m */ = {isa = PBXFileReference; fileEncoding = 4; lastKnownFileType = sourcecode.c.objc; path = ASOTwoStateButton.m; sourceTree = "<group>"; };
		87A9FF121AA305180060E1DA /* BounceButtonView.h */ = {isa = PBXFileReference; fileEncoding = 4; lastKnownFileType = sourcecode.c.h; path = BounceButtonView.h; sourceTree = "<group>"; };
		87A9FF131AA305180060E1DA /* BounceButtonView.m */ = {isa = PBXFileReference; fileEncoding = 4; lastKnownFileType = sourcecode.c.objc; path = BounceButtonView.m; sourceTree = "<group>"; };
		87E4A7801AA3315C00305DDB /* TypeOfItem.h */ = {isa = PBXFileReference; fileEncoding = 4; lastKnownFileType = sourcecode.c.h; path = TypeOfItem.h; sourceTree = "<group>"; };
		87E4A7811AA3315C00305DDB /* TypeOfItem.m */ = {isa = PBXFileReference; fileEncoding = 4; lastKnownFileType = sourcecode.c.objc; path = TypeOfItem.m; sourceTree = "<group>"; };
/* End PBXFileReference section */

/* Begin PBXFrameworksBuildPhase section */
		871F33F51AA11AEA00D5B4A5 /* Frameworks */ = {
			isa = PBXFrameworksBuildPhase;
			buildActionMask = 2147483647;
			files = (
				871F344E1AA1671F00D5B4A5 /* Crashlytics.framework in Frameworks */,
				871F344F1AA1671F00D5B4A5 /* Fabric.framework in Frameworks */,
				871F34521AA1677300D5B4A5 /* TwitterKit.framework in Frameworks */,
			);
			runOnlyForDeploymentPostprocessing = 0;
		};
		871F340E1AA11AEB00D5B4A5 /* Frameworks */ = {
			isa = PBXFrameworksBuildPhase;
			buildActionMask = 2147483647;
			files = (
			);
			runOnlyForDeploymentPostprocessing = 0;
		};
/* End PBXFrameworksBuildPhase section */

/* Begin PBXGroup section */
		871F33EF1AA11AEA00D5B4A5 = {
			isa = PBXGroup;
			children = (
				871F34641AA171B300D5B4A5 /* Frameworks */,
				871F33FA1AA11AEA00D5B4A5 /* Closet */,
				871F34141AA11AEB00D5B4A5 /* ClosetTests */,
				871F33F91AA11AEA00D5B4A5 /* Products */,
			);
			sourceTree = "<group>";
		};
		871F33F91AA11AEA00D5B4A5 /* Products */ = {
			isa = PBXGroup;
			children = (
				871F33F81AA11AEA00D5B4A5 /* Closet.app */,
				871F34111AA11AEB00D5B4A5 /* ClosetTests.xctest */,
			);
			name = Products;
			sourceTree = "<group>";
		};
		871F33FA1AA11AEA00D5B4A5 /* Closet */ = {
			isa = PBXGroup;
			children = (
				871F33FF1AA11AEA00D5B4A5 /* AppDelegate.h */,
				871F34001AA11AEA00D5B4A5 /* AppDelegate.m */,
				87A9FEDC1AA2783F0060E1DA /* MyClosetManager.h */,
				87A9FEDD1AA2783F0060E1DA /* MyClosetManager.m */,
				87A9FEDF1AA27E280060E1DA /* MyClosetViewController.h */,
				87A9FEE01AA27E280060E1DA /* MyClosetViewController.m */,
				87A9FF001AA2995C0060E1DA /* PossibleItemsViewController.h */,
				87A9FF011AA2995C0060E1DA /* PossibleItemsViewController.m */,
				87A9FEFB1AA28D140060E1DA /* MyClosetTableViewCell.h */,
				87A9FEFC1AA28D140060E1DA /* MyClosetTableViewCell.m */,
				87A9FEFD1AA28D140060E1DA /* MyClosetTableViewCell.xib */,
				87A9FED91AA2726B0060E1DA /* RecomendationsTableViewCell.h */,
				87A9FEDA1AA2726B0060E1DA /* RecomendationsTableViewCell.m */,
				87A9FF031AA2FFE40060E1DA /* RecomendationDetailViewController.h */,
				87A9FF041AA2FFE40060E1DA /* RecomendationDetailViewController.m */,
				871F345D1AA16BF200D5B4A5 /* RecomendationsTableViewCell.xib */,
				871F34631AA1719400D5B4A5 /* Recomendation TableView */,
				871F34571AA16B3200D5B4A5 /* LoginViewController */,
				871F34441AA14A4000D5B4A5 /* TypeOfItemViewController */,
				871F34331AA12B3700D5B4A5 /* Networking */,
				871F34401AA147BE00D5B4A5 /* Brand View Controller */,
				871F342C1AA120DF00D5B4A5 /* Model */,
				871F34051AA11AEA00D5B4A5 /* Main.storyboard */,
				871F34081AA11AEB00D5B4A5 /* Images.xcassets */,
				871F340A1AA11AEB00D5B4A5 /* LaunchScreen.xib */,
				871F33FB1AA11AEA00D5B4A5 /* Supporting Files */,
			);
			path = Closet;
			sourceTree = "<group>";
		};
		871F33FB1AA11AEA00D5B4A5 /* Supporting Files */ = {
			isa = PBXGroup;
			children = (
				87A9FF061AA303A60060E1DA /* ios */,
				871F33FC1AA11AEA00D5B4A5 /* Info.plist */,
				871F33FD1AA11AEA00D5B4A5 /* main.m */,
			);
			name = "Supporting Files";
			sourceTree = "<group>";
		};
		871F34141AA11AEB00D5B4A5 /* ClosetTests */ = {
			isa = PBXGroup;
			children = (
				871F34171AA11AEB00D5B4A5 /* ClosetTests.m */,
				871F34151AA11AEB00D5B4A5 /* Supporting Files */,
			);
			path = ClosetTests;
			sourceTree = "<group>";
		};
		871F34151AA11AEB00D5B4A5 /* Supporting Files */ = {
			isa = PBXGroup;
			children = (
				871F34161AA11AEB00D5B4A5 /* Info.plist */,
			);
			name = "Supporting Files";
			sourceTree = "<group>";
		};
		871F342C1AA120DF00D5B4A5 /* Model */ = {
			isa = PBXGroup;
			children = (
				871F34371AA145AC00D5B4A5 /* User.h */,
				871F34381AA145AC00D5B4A5 /* User.m */,
				871F34241AA11BD900D5B4A5 /* Item.h */,
				871F34251AA11BD900D5B4A5 /* Item.m */,
				87E4A7801AA3315C00305DDB /* TypeOfItem.h */,
				87E4A7811AA3315C00305DDB /* TypeOfItem.m */,
				871F34341AA141D400D5B4A5 /* Brand.h */,
				871F34351AA141D400D5B4A5 /* Brand.m */,
				871F34601AA16C0C00D5B4A5 /* Recomendation.h */,
				871F34611AA16C0C00D5B4A5 /* Recomendation.m */,
			);
			name = Model;
			sourceTree = "<group>";
		};
		871F34331AA12B3700D5B4A5 /* Networking */ = {
			isa = PBXGroup;
			children = (
				871F34301AA128D300D5B4A5 /* Reachability.h */,
				871F34311AA128D300D5B4A5 /* Reachability.m */,
				871F342D1AA1285F00D5B4A5 /* MacysAPIClient.h */,
				871F342E1AA1285F00D5B4A5 /* MacysAPIClient.m */,
			);
			name = Networking;
			sourceTree = "<group>";
		};
		871F34401AA147BE00D5B4A5 /* Brand View Controller */ = {
			isa = PBXGroup;
			children = (
				871F34211AA11B2600D5B4A5 /* BrandTableViewController.h */,
				871F34221AA11B2600D5B4A5 /* BrandTableViewController.m */,
				87A9FED61AA1AB4C0060E1DA /* ItemResultsCollectionViewController.h */,
				87A9FED71AA1AB4C0060E1DA /* ItemResultsCollectionViewController.m */,
				871F34271AA11CDC00D5B4A5 /* BrandTableViewCell.h */,
				871F34281AA11CDC00D5B4A5 /* BrandTableViewCell.m */,
				871F34291AA11CDC00D5B4A5 /* BrandTableViewCell.xib */,
			);
			name = "Brand View Controller";
			sourceTree = "<group>";
		};
		871F34441AA14A4000D5B4A5 /* TypeOfItemViewController */ = {
			isa = PBXGroup;
			children = (
				871F34481AA1530200D5B4A5 /* TOIDetailCollectionViewCell.h */,
				871F34491AA1530200D5B4A5 /* TOIDetailCollectionViewCell.m */,
				871F34411AA147DD00D5B4A5 /* TypeOfItemViewController.h */,
				871F34421AA147DD00D5B4A5 /* TypeOfItemViewController.m */,
			);
			name = TypeOfItemViewController;
			path = ..;
			sourceTree = "<group>";
		};
		871F34571AA16B3200D5B4A5 /* LoginViewController */ = {
			isa = PBXGroup;
			children = (
				871F34541AA167FB00D5B4A5 /* LoginViewController.h */,
				871F34551AA167FB00D5B4A5 /* LoginViewController.m */,
			);
			name = LoginViewController;
			sourceTree = "<group>";
		};
		871F34631AA1719400D5B4A5 /* Recomendation TableView */ = {
			isa = PBXGroup;
			children = (
				871F34581AA16BB800D5B4A5 /* MainRecomendationsTableViewController.h */,
				871F34591AA16BB800D5B4A5 /* MainRecomendationsTableViewController.m */,
			);
			name = "Recomendation TableView";
			sourceTree = "<group>";
		};
		871F34641AA171B300D5B4A5 /* Frameworks */ = {
			isa = PBXGroup;
			children = (
				871F34501AA1677300D5B4A5 /* TwitterKit.framework */,
				871F34511AA1677300D5B4A5 /* TwitterKitResources.bundle */,
				871F344C1AA1671F00D5B4A5 /* Crashlytics.framework */,
				871F344D1AA1671F00D5B4A5 /* Fabric.framework */,
			);
			name = Frameworks;
			sourceTree = "<group>";
		};
		87A9FF061AA303A60060E1DA /* ios */ = {
			isa = PBXGroup;
			children = (
				87A9FF071AA303A60060E1DA /* .gitkeep */,
				87A9FF081AA303A60060E1DA /* BounceButton */,
				87A9FF0C1AA303A60060E1DA /* TwoStateButton */,
			);
			path = ios;
			sourceTree = "<group>";
		};
		87A9FF081AA303A60060E1DA /* BounceButton */ = {
			isa = PBXGroup;
			children = (
				87A9FF121AA305180060E1DA /* BounceButtonView.h */,
				87A9FF131AA305180060E1DA /* BounceButtonView.m */,
				87A9FF091AA303A60060E1DA /* ASOBounceButtonView.h */,
				87A9FF0A1AA303A60060E1DA /* ASOBounceButtonView.m */,
				87A9FF0B1AA303A60060E1DA /* ASOBounceButtonViewDelegate.h */,
			);
			path = BounceButton;
			sourceTree = "<group>";
		};
		87A9FF0C1AA303A60060E1DA /* TwoStateButton */ = {
			isa = PBXGroup;
			children = (
				87A9FF0D1AA303A60060E1DA /* ASOTwoStateButton.h */,
				87A9FF0E1AA303A60060E1DA /* ASOTwoStateButton.m */,
			);
			path = TwoStateButton;
			sourceTree = "<group>";
		};
/* End PBXGroup section */

/* Begin PBXNativeTarget section */
		871F33F71AA11AEA00D5B4A5 /* Closet */ = {
			isa = PBXNativeTarget;
			buildConfigurationList = 871F341B1AA11AEB00D5B4A5 /* Build configuration list for PBXNativeTarget "Closet" */;
			buildPhases = (
				871F33F41AA11AEA00D5B4A5 /* Sources */,
				871F33F51AA11AEA00D5B4A5 /* Frameworks */,
				871F33F61AA11AEA00D5B4A5 /* Resources */,
				871F344B1AA1670000D5B4A5 /* Fabric Script */,
			);
			buildRules = (
			);
			dependencies = (
			);
			name = Closet;
			productName = Closet;
			productReference = 871F33F81AA11AEA00D5B4A5 /* Closet.app */;
			productType = "com.apple.product-type.application";
		};
		871F34101AA11AEB00D5B4A5 /* ClosetTests */ = {
			isa = PBXNativeTarget;
			buildConfigurationList = 871F341E1AA11AEB00D5B4A5 /* Build configuration list for PBXNativeTarget "ClosetTests" */;
			buildPhases = (
				871F340D1AA11AEB00D5B4A5 /* Sources */,
				871F340E1AA11AEB00D5B4A5 /* Frameworks */,
				871F340F1AA11AEB00D5B4A5 /* Resources */,
			);
			buildRules = (
			);
			dependencies = (
				871F34131AA11AEB00D5B4A5 /* PBXTargetDependency */,
			);
			name = ClosetTests;
			productName = ClosetTests;
			productReference = 871F34111AA11AEB00D5B4A5 /* ClosetTests.xctest */;
			productType = "com.apple.product-type.bundle.unit-test";
		};
/* End PBXNativeTarget section */

/* Begin PBXProject section */
		871F33F01AA11AEA00D5B4A5 /* Project object */ = {
			isa = PBXProject;
			attributes = {
				LastUpgradeCheck = 0610;
				ORGANIZATIONNAME = "Adam Cooper";
				TargetAttributes = {
					871F33F71AA11AEA00D5B4A5 = {
						CreatedOnToolsVersion = 6.1.1;
					};
					871F34101AA11AEB00D5B4A5 = {
						CreatedOnToolsVersion = 6.1.1;
						TestTargetID = 871F33F71AA11AEA00D5B4A5;
					};
				};
			};
			buildConfigurationList = 871F33F31AA11AEA00D5B4A5 /* Build configuration list for PBXProject "Closet" */;
			compatibilityVersion = "Xcode 3.2";
			developmentRegion = English;
			hasScannedForEncodings = 0;
			knownRegions = (
				en,
				Base,
			);
			mainGroup = 871F33EF1AA11AEA00D5B4A5;
			productRefGroup = 871F33F91AA11AEA00D5B4A5 /* Products */;
			projectDirPath = "";
			projectRoot = "";
			targets = (
				871F33F71AA11AEA00D5B4A5 /* Closet */,
				871F34101AA11AEB00D5B4A5 /* ClosetTests */,
			);
		};
/* End PBXProject section */

/* Begin PBXResourcesBuildPhase section */
		871F33F61AA11AEA00D5B4A5 /* Resources */ = {
			isa = PBXResourcesBuildPhase;
			buildActionMask = 2147483647;
			files = (
				871F345F1AA16BF200D5B4A5 /* RecomendationsTableViewCell.xib in Resources */,
				871F342B1AA11CDC00D5B4A5 /* BrandTableViewCell.xib in Resources */,
				871F34071AA11AEA00D5B4A5 /* Main.storyboard in Resources */,
				871F340C1AA11AEB00D5B4A5 /* LaunchScreen.xib in Resources */,
				871F34091AA11AEB00D5B4A5 /* Images.xcassets in Resources */,
				871F34531AA1677300D5B4A5 /* TwitterKitResources.bundle in Resources */,
				87A9FEFF1AA28D140060E1DA /* MyClosetTableViewCell.xib in Resources */,
				87A9FF0F1AA303A60060E1DA /* .gitkeep in Resources */,
			);
			runOnlyForDeploymentPostprocessing = 0;
		};
		871F340F1AA11AEB00D5B4A5 /* Resources */ = {
			isa = PBXResourcesBuildPhase;
			buildActionMask = 2147483647;
			files = (
			);
			runOnlyForDeploymentPostprocessing = 0;
		};
/* End PBXResourcesBuildPhase section */

/* Begin PBXShellScriptBuildPhase section */
		871F344B1AA1670000D5B4A5 /* Fabric Script */ = {
			isa = PBXShellScriptBuildPhase;
			buildActionMask = 2147483647;
			files = (
			);
			inputPaths = (
			);
			name = "Fabric Script";
			outputPaths = (
			);
			runOnlyForDeploymentPostprocessing = 0;
			shellPath = /bin/sh;
			shellScript = "./Fabric.framework/run 8ac9bf56b5b638db85df0d5996e4e7a54cee219b ba7aab715af1e51065e94ee0eb63b3f7c975e1d70a153e15299da23157adc202";
		};
/* End PBXShellScriptBuildPhase section */

/* Begin PBXSourcesBuildPhase section */
		871F33F41AA11AEA00D5B4A5 /* Sources */ = {
			isa = PBXSourcesBuildPhase;
			buildActionMask = 2147483647;
			files = (
				87A9FF141AA305180060E1DA /* BounceButtonView.m in Sources */,
				87E4A7821AA3315C00305DDB /* TypeOfItem.m in Sources */,
				871F34621AA16C0C00D5B4A5 /* Recomendation.m in Sources */,
				871F342A1AA11CDC00D5B4A5 /* BrandTableViewCell.m in Sources */,
				871F34361AA141D400D5B4A5 /* Brand.m in Sources */,
				87A9FEFE1AA28D140060E1DA /* MyClosetTableViewCell.m in Sources */,
				87A9FF111AA303A60060E1DA /* ASOTwoStateButton.m in Sources */,
				871F34391AA145AC00D5B4A5 /* User.m in Sources */,
				871F34431AA147DD00D5B4A5 /* TypeOfItemViewController.m in Sources */,
				871F34261AA11BD900D5B4A5 /* Item.m in Sources */,
				87A9FEDB1AA2726B0060E1DA /* RecomendationsTableViewCell.m in Sources */,
				871F34011AA11AEA00D5B4A5 /* AppDelegate.m in Sources */,
				87A9FF021AA2995C0060E1DA /* PossibleItemsViewController.m in Sources */,
				87A9FEE11AA27E280060E1DA /* MyClosetViewController.m in Sources */,
				87A9FEDE1AA2783F0060E1DA /* MyClosetManager.m in Sources */,
				871F345A1AA16BB800D5B4A5 /* MainRecomendationsTableViewController.m in Sources */,
				871F34321AA128D300D5B4A5 /* Reachability.m in Sources */,
				87A9FF051AA2FFE40060E1DA /* RecomendationDetailViewController.m in Sources */,
				871F33FE1AA11AEA00D5B4A5 /* main.m in Sources */,
				871F34561AA167FB00D5B4A5 /* LoginViewController.m in Sources */,
				87A9FED81AA1AB4C0060E1DA /* ItemResultsCollectionViewController.m in Sources */,
				871F342F1AA1285F00D5B4A5 /* MacysAPIClient.m in Sources */,
				871F34231AA11B2600D5B4A5 /* BrandTableViewController.m in Sources */,
				87A9FF101AA303A60060E1DA /* ASOBounceButtonView.m in Sources */,
				871F344A1AA1530200D5B4A5 /* TOIDetailCollectionViewCell.m in Sources */,
			);
			runOnlyForDeploymentPostprocessing = 0;
		};
		871F340D1AA11AEB00D5B4A5 /* Sources */ = {
			isa = PBXSourcesBuildPhase;
			buildActionMask = 2147483647;
			files = (
				871F34181AA11AEB00D5B4A5 /* ClosetTests.m in Sources */,
			);
			runOnlyForDeploymentPostprocessing = 0;
		};
/* End PBXSourcesBuildPhase section */

/* Begin PBXTargetDependency section */
		871F34131AA11AEB00D5B4A5 /* PBXTargetDependency */ = {
			isa = PBXTargetDependency;
			target = 871F33F71AA11AEA00D5B4A5 /* Closet */;
			targetProxy = 871F34121AA11AEB00D5B4A5 /* PBXContainerItemProxy */;
		};
/* End PBXTargetDependency section */

/* Begin PBXVariantGroup section */
		871F34051AA11AEA00D5B4A5 /* Main.storyboard */ = {
			isa = PBXVariantGroup;
			children = (
				871F34061AA11AEA00D5B4A5 /* Base */,
			);
			name = Main.storyboard;
			sourceTree = "<group>";
		};
		871F340A1AA11AEB00D5B4A5 /* LaunchScreen.xib */ = {
			isa = PBXVariantGroup;
			children = (
				871F340B1AA11AEB00D5B4A5 /* Base */,
			);
			name = LaunchScreen.xib;
			sourceTree = "<group>";
		};
/* End PBXVariantGroup section */

/* Begin XCBuildConfiguration section */
		871F34191AA11AEB00D5B4A5 /* Debug */ = {
			isa = XCBuildConfiguration;
			buildSettings = {
				ALWAYS_SEARCH_USER_PATHS = NO;
				CLANG_CXX_LANGUAGE_STANDARD = "gnu++0x";
				CLANG_CXX_LIBRARY = "libc++";
				CLANG_ENABLE_MODULES = YES;
				CLANG_ENABLE_OBJC_ARC = YES;
				CLANG_WARN_BOOL_CONVERSION = YES;
				CLANG_WARN_CONSTANT_CONVERSION = YES;
				CLANG_WARN_DIRECT_OBJC_ISA_USAGE = YES_ERROR;
				CLANG_WARN_EMPTY_BODY = YES;
				CLANG_WARN_ENUM_CONVERSION = YES;
				CLANG_WARN_INT_CONVERSION = YES;
				CLANG_WARN_OBJC_ROOT_CLASS = YES_ERROR;
				CLANG_WARN_UNREACHABLE_CODE = YES;
				CLANG_WARN__DUPLICATE_METHOD_MATCH = YES;
				"CODE_SIGN_IDENTITY[sdk=iphoneos*]" = "iPhone Developer";
				COPY_PHASE_STRIP = NO;
				ENABLE_STRICT_OBJC_MSGSEND = YES;
				GCC_C_LANGUAGE_STANDARD = gnu99;
				GCC_DYNAMIC_NO_PIC = NO;
				GCC_OPTIMIZATION_LEVEL = 0;
				GCC_PREPROCESSOR_DEFINITIONS = (
					"DEBUG=1",
					"$(inherited)",
				);
				GCC_SYMBOLS_PRIVATE_EXTERN = NO;
				GCC_WARN_64_TO_32_BIT_CONVERSION = YES;
				GCC_WARN_ABOUT_RETURN_TYPE = YES_ERROR;
				GCC_WARN_UNDECLARED_SELECTOR = YES;
				GCC_WARN_UNINITIALIZED_AUTOS = YES_AGGRESSIVE;
				GCC_WARN_UNUSED_FUNCTION = YES;
				GCC_WARN_UNUSED_VARIABLE = YES;
				IPHONEOS_DEPLOYMENT_TARGET = 8.1;
				MTL_ENABLE_DEBUG_INFO = YES;
				ONLY_ACTIVE_ARCH = YES;
				SDKROOT = iphoneos;
				TARGETED_DEVICE_FAMILY = "1,2";
			};
			name = Debug;
		};
		871F341A1AA11AEB00D5B4A5 /* Release */ = {
			isa = XCBuildConfiguration;
			buildSettings = {
				ALWAYS_SEARCH_USER_PATHS = NO;
				CLANG_CXX_LANGUAGE_STANDARD = "gnu++0x";
				CLANG_CXX_LIBRARY = "libc++";
				CLANG_ENABLE_MODULES = YES;
				CLANG_ENABLE_OBJC_ARC = YES;
				CLANG_WARN_BOOL_CONVERSION = YES;
				CLANG_WARN_CONSTANT_CONVERSION = YES;
				CLANG_WARN_DIRECT_OBJC_ISA_USAGE = YES_ERROR;
				CLANG_WARN_EMPTY_BODY = YES;
				CLANG_WARN_ENUM_CONVERSION = YES;
				CLANG_WARN_INT_CONVERSION = YES;
				CLANG_WARN_OBJC_ROOT_CLASS = YES_ERROR;
				CLANG_WARN_UNREACHABLE_CODE = YES;
				CLANG_WARN__DUPLICATE_METHOD_MATCH = YES;
				"CODE_SIGN_IDENTITY[sdk=iphoneos*]" = "iPhone Developer";
				COPY_PHASE_STRIP = YES;
				ENABLE_NS_ASSERTIONS = NO;
				ENABLE_STRICT_OBJC_MSGSEND = YES;
				GCC_C_LANGUAGE_STANDARD = gnu99;
				GCC_WARN_64_TO_32_BIT_CONVERSION = YES;
				GCC_WARN_ABOUT_RETURN_TYPE = YES_ERROR;
				GCC_WARN_UNDECLARED_SELECTOR = YES;
				GCC_WARN_UNINITIALIZED_AUTOS = YES_AGGRESSIVE;
				GCC_WARN_UNUSED_FUNCTION = YES;
				GCC_WARN_UNUSED_VARIABLE = YES;
				IPHONEOS_DEPLOYMENT_TARGET = 8.1;
				MTL_ENABLE_DEBUG_INFO = NO;
				SDKROOT = iphoneos;
				TARGETED_DEVICE_FAMILY = "1,2";
				VALIDATE_PRODUCT = YES;
			};
			name = Release;
		};
		871F341C1AA11AEB00D5B4A5 /* Debug */ = {
			isa = XCBuildConfiguration;
			buildSettings = {
				ASSETCATALOG_COMPILER_APPICON_NAME = AppIcon;
				FRAMEWORK_SEARCH_PATHS = (
					"$(inherited)",
					"$(PROJECT_DIR)",
				);
				INFOPLIST_FILE = Closet/Info.plist;
				LD_RUNPATH_SEARCH_PATHS = "$(inherited) @executable_path/Frameworks";
				PRODUCT_NAME = "$(TARGET_NAME)";
			};
			name = Debug;
		};
		871F341D1AA11AEB00D5B4A5 /* Release */ = {
			isa = XCBuildConfiguration;
			buildSettings = {
				ASSETCATALOG_COMPILER_APPICON_NAME = AppIcon;
				FRAMEWORK_SEARCH_PATHS = (
					"$(inherited)",
					"$(PROJECT_DIR)",
				);
				INFOPLIST_FILE = Closet/Info.plist;
				LD_RUNPATH_SEARCH_PATHS = "$(inherited) @executable_path/Frameworks";
				PRODUCT_NAME = "$(TARGET_NAME)";
			};
			name = Release;
		};
		871F341F1AA11AEB00D5B4A5 /* Debug */ = {
			isa = XCBuildConfiguration;
			buildSettings = {
				BUNDLE_LOADER = "$(TEST_HOST)";
				FRAMEWORK_SEARCH_PATHS = (
					"$(SDKROOT)/Developer/Library/Frameworks",
					"$(inherited)",
				);
				GCC_PREPROCESSOR_DEFINITIONS = (
					"DEBUG=1",
					"$(inherited)",
				);
				INFOPLIST_FILE = ClosetTests/Info.plist;
				LD_RUNPATH_SEARCH_PATHS = "$(inherited) @executable_path/Frameworks @loader_path/Frameworks";
				PRODUCT_NAME = "$(TARGET_NAME)";
				TEST_HOST = "$(BUILT_PRODUCTS_DIR)/Closet.app/Closet";
			};
			name = Debug;
		};
		871F34201AA11AEB00D5B4A5 /* Release */ = {
			isa = XCBuildConfiguration;
			buildSettings = {
				BUNDLE_LOADER = "$(TEST_HOST)";
				FRAMEWORK_SEARCH_PATHS = (
					"$(SDKROOT)/Developer/Library/Frameworks",
					"$(inherited)",
				);
				INFOPLIST_FILE = ClosetTests/Info.plist;
				LD_RUNPATH_SEARCH_PATHS = "$(inherited) @executable_path/Frameworks @loader_path/Frameworks";
				PRODUCT_NAME = "$(TARGET_NAME)";
				TEST_HOST = "$(BUILT_PRODUCTS_DIR)/Closet.app/Closet";
			};
			name = Release;
		};
/* End XCBuildConfiguration section */

/* Begin XCConfigurationList section */
		871F33F31AA11AEA00D5B4A5 /* Build configuration list for PBXProject "Closet" */ = {
			isa = XCConfigurationList;
			buildConfigurations = (
				871F34191AA11AEB00D5B4A5 /* Debug */,
				871F341A1AA11AEB00D5B4A5 /* Release */,
			);
			defaultConfigurationIsVisible = 0;
			defaultConfigurationName = Release;
		};
		871F341B1AA11AEB00D5B4A5 /* Build configuration list for PBXNativeTarget "Closet" */ = {
			isa = XCConfigurationList;
			buildConfigurations = (
				871F341C1AA11AEB00D5B4A5 /* Debug */,
				871F341D1AA11AEB00D5B4A5 /* Release */,
			);
			defaultConfigurationIsVisible = 0;
			defaultConfigurationName = Release;
		};
		871F341E1AA11AEB00D5B4A5 /* Build configuration list for PBXNativeTarget "ClosetTests" */ = {
			isa = XCConfigurationList;
			buildConfigurations = (
				871F341F1AA11AEB00D5B4A5 /* Debug */,
				871F34201AA11AEB00D5B4A5 /* Release */,
			);
			defaultConfigurationIsVisible = 0;
			defaultConfigurationName = Release;
		};
/* End XCConfigurationList section */
	};
	rootObject = 871F33F01AA11AEA00D5B4A5 /* Project object */;
}
